
Microsoft Visual Studio Solution File, Format Version 12.00
# Visual Studio Version 17
VisualStudioVersion = 17.8.34330.188
MinimumVisualStudioVersion = 10.0.40219.1
Project("{9A19103F-16F7-4668-BE54-9A1E7A4F7556}") = "JMayer.Example.WebAssemblyBlazor", "JMayer.Example.WebAssemblyBlazor\JMayer.Example.WebAssemblyBlazor\JMayer.Example.WebAssemblyBlazor.csproj", "{E79C335E-B4C6-4390-8EB6-2FE1FF77787A}"
EndProject
Project("{9A19103F-16F7-4668-BE54-9A1E7A4F7556}") = "JMayer.Example.WebAssemblyBlazor.Client", "JMayer.Example.WebAssemblyBlazor\JMayer.Example.WebAssemblyBlazor.Client\JMayer.Example.WebAssemblyBlazor.Client.csproj", "{1E9187D7-B2C5-4A19-986A-2F682D568FD1}"
EndProject
Project("{FAE04EC0-301F-11D3-BF4B-00C04F79EFBC}") = "JMayer.Example.WebAssemblyBlazor.Shared", "JMayer.Example.WebAssemblyBlazor.Shared\JMayer.Example.WebAssemblyBlazor.Shared.csproj", "{6B3CD7B7-1A09-4FD0-85F2-AC1BAA4EEFC4}"
EndProject
Global
	GlobalSection(SolutionConfigurationPlatforms) = preSolution
		Debug|Any CPU = Debug|Any CPU
		Release|Any CPU = Release|Any CPU
	EndGlobalSection
	GlobalSection(ProjectConfigurationPlatforms) = postSolution
		{E79C335E-B4C6-4390-8EB6-2FE1FF77787A}.Debug|Any CPU.ActiveCfg = Debug|Any CPU
		{E79C335E-B4C6-4390-8EB6-2FE1FF77787A}.Debug|Any CPU.Build.0 = Debug|Any CPU
		{E79C335E-B4C6-4390-8EB6-2FE1FF77787A}.Release|Any CPU.ActiveCfg = Release|Any CPU
		{E79C335E-B4C6-4390-8EB6-2FE1FF77787A}.Release|Any CPU.Build.0 = Release|Any CPU
		{1E9187D7-B2C5-4A19-986A-2F682D568FD1}.Debug|Any CPU.ActiveCfg = Debug|Any CPU
		{1E9187D7-B2C5-4A19-986A-2F682D568FD1}.Debug|Any CPU.Build.0 = Debug|Any CPU
		{1E9187D7-B2C5-4A19-986A-2F682D568FD1}.Release|Any CPU.ActiveCfg = Release|Any CPU
		{1E9187D7-B2C5-4A19-986A-2F682D568FD1}.Release|Any CPU.Build.0 = Release|Any CPU
		{6B3CD7B7-1A09-4FD0-85F2-AC1BAA4EEFC4}.Debug|Any CPU.ActiveCfg = Debug|Any CPU
		{6B3CD7B7-1A09-4FD0-85F2-AC1BAA4EEFC4}.Debug|Any CPU.Build.0 = Debug|Any CPU
		{6B3CD7B7-1A09-4FD0-85F2-AC1BAA4EEFC4}.Release|Any CPU.ActiveCfg = Release|Any CPU
		{6B3CD7B7-1A09-4FD0-85F2-AC1BAA4EEFC4}.Release|Any CPU.Build.0 = Release|Any CPU
	EndGlobalSection
	GlobalSection(SolutionProperties) = preSolution
		HideSolutionNode = FALSE
	EndGlobalSection
	GlobalSection(ExtensibilityGlobals) = postSolution
		SolutionGuid = {EFAC4A47-55D1-47CA-B70C-483A6E7F87B2}
	EndGlobalSection
EndGlobal
