
Microsoft Visual Studio Solution File, Format Version 12.00
# Visual Studio Version 17
VisualStudioVersion = 17.8.34330.188
MinimumVisualStudioVersion = 10.0.40219.1
Project("{FAE04EC0-301F-11D3-BF4B-00C04F79EFBC}") = "JMayer.Example.WebAssemblyBlazor", "JMayer.Example.WebAssemblyBlazor\JMayer.Example.WebAssemblyBlazor\JMayer.Example.WebAssemblyBlazor.csproj", "{EFA506BD-9F35-4047-9FB7-D153CD754AC0}"
EndProject
Project("{FAE04EC0-301F-11D3-BF4B-00C04F79EFBC}") = "JMayer.Example.WebAssemblyBlazor.Client", "JMayer.Example.WebAssemblyBlazor\JMayer.Example.WebAssemblyBlazor.Client\JMayer.Example.WebAssemblyBlazor.Client.csproj", "{F66DC2A6-5878-4D8D-9184-A8308699017A}"
EndProject
Global
	GlobalSection(SolutionConfigurationPlatforms) = preSolution
		Debug|Any CPU = Debug|Any CPU
		Release|Any CPU = Release|Any CPU
	EndGlobalSection
	GlobalSection(ProjectConfigurationPlatforms) = postSolution
		{EFA506BD-9F35-4047-9FB7-D153CD754AC0}.Debug|Any CPU.ActiveCfg = Debug|Any CPU
		{EFA506BD-9F35-4047-9FB7-D153CD754AC0}.Debug|Any CPU.Build.0 = Debug|Any CPU
		{EFA506BD-9F35-4047-9FB7-D153CD754AC0}.Release|Any CPU.ActiveCfg = Release|Any CPU
		{EFA506BD-9F35-4047-9FB7-D153CD754AC0}.Release|Any CPU.Build.0 = Release|Any CPU
		{F66DC2A6-5878-4D8D-9184-A8308699017A}.Debug|Any CPU.ActiveCfg = Debug|Any CPU
		{F66DC2A6-5878-4D8D-9184-A8308699017A}.Debug|Any CPU.Build.0 = Debug|Any CPU
		{F66DC2A6-5878-4D8D-9184-A8308699017A}.Release|Any CPU.ActiveCfg = Release|Any CPU
		{F66DC2A6-5878-4D8D-9184-A8308699017A}.Release|Any CPU.Build.0 = Release|Any CPU
	EndGlobalSection
	GlobalSection(SolutionProperties) = preSolution
		HideSolutionNode = FALSE
	EndGlobalSection
	GlobalSection(ExtensibilityGlobals) = postSolution
		SolutionGuid = {344B0B8A-A5A4-4899-B050-81E59B917850}
	EndGlobalSection
EndGlobal
